# This file is generated by running "yarn install" inside your project.
# Manual changes might be lost - proceed with caution!

__metadata:
  version: 6
  cacheKey: 8

"bootstrap@npm:^5.2.2":
  version: 5.2.2
  resolution: "bootstrap@npm:5.2.2"
  peerDependencies:
    "@popperjs/core": ^2.11.6
  checksum: 14e6df28feb975dc10702cac0a6c2a21132a6e4e5562e31cdae1db3970e287ed29001020066b61d96b2cea2a45ecf44c08c8c26bc84a31cdeabec0a9be6b9389
  languageName: node
  linkType: hard

"in-class (root)@workspace:.":
  version: 0.0.0-use.local
  resolution: "in-class (root)@workspace:."
  dependencies:
    bootstrap: ^5.2.2
  languageName: unknown
  linkType: soft
